
Microsoft Visual Studio Solution File, Format Version 12.00
# Visual Studio Version 17
VisualStudioVersion = 17.10.35013.160
MinimumVisualStudioVersion = 10.0.40219.1
Project("{FAE04EC0-301F-11D3-BF4B-00C04F79EFBC}") = "GameShopAPI", "GameShopAPI\GameShopAPI.csproj", "{B388FBFF-19E5-40D3-8D4A-22DA6F36BF8E}"
EndProject
Global
	GlobalSection(SolutionConfigurationPlatforms) = preSolution
		Debug|Any CPU = Debug|Any CPU
		Release|Any CPU = Release|Any CPU
	EndGlobalSection
	GlobalSection(ProjectConfigurationPlatforms) = postSolution
		{B388FBFF-19E5-40D3-8D4A-22DA6F36BF8E}.Debug|Any CPU.ActiveCfg = Debug|Any CPU
		{B388FBFF-19E5-40D3-8D4A-22DA6F36BF8E}.Debug|Any CPU.Build.0 = Debug|Any CPU
		{B388FBFF-19E5-40D3-8D4A-22DA6F36BF8E}.Release|Any CPU.ActiveCfg = Release|Any CPU
		{B388FBFF-19E5-40D3-8D4A-22DA6F36BF8E}.Release|Any CPU.Build.0 = Release|Any CPU
	EndGlobalSection
	GlobalSection(SolutionProperties) = preSolution
		HideSolutionNode = FALSE
	EndGlobalSection
	GlobalSection(ExtensibilityGlobals) = postSolution
		SolutionGuid = {F113D1FD-87C2-4669-B960-8F8292AC751D}
	EndGlobalSection
EndGlobal
